// !$*UTF8*$!
{
	archiveVersion = 1;
	classes = {
	};
	objectVersion = 77;
	objects = {

/* Begin PBXContainerItemProxy section */
		63B6ACB52E3E038400A16C13 /* PBXContainerItemProxy */ = {
			isa = PBXContainerItemProxy;
			containerPortal = 63B6AC982E3E038300A16C13 /* Project object */;
			proxyType = 1;
			remoteGlobalIDString = 63B6AC9F2E3E038300A16C13;
			remoteInfo = ReadItLater;
		};
		63B6ACBF2E3E038400A16C13 /* PBXContainerItemProxy */ = {
			isa = PBXContainerItemProxy;
			containerPortal = 63B6AC982E3E038300A16C13 /* Project object */;
			proxyType = 1;
			remoteGlobalIDString = 63B6AC9F2E3E038300A16C13;
			remoteInfo = ReadItLater;
		};
/* End PBXContainerItemProxy section */

/* Begin PBXFileReference section */
		63B6ACA02E3E038300A16C13 /* ReadItLater.app */ = {isa = PBXFileReference; explicitFileType = wrapper.application; includeInIndex = 0; path = ReadItLater.app; sourceTree = BUILT_PRODUCTS_DIR; };
		63B6ACB42E3E038400A16C13 /* ReadItLaterTests.xctest */ = {isa = PBXFileReference; explicitFileType = wrapper.cfbundle; includeInIndex = 0; path = ReadItLaterTests.xctest; sourceTree = BUILT_PRODUCTS_DIR; };
		63B6ACBE2E3E038400A16C13 /* ReadItLaterUITests.xctest */ = {isa = PBXFileReference; explicitFileType = wrapper.cfbundle; includeInIndex = 0; path = ReadItLaterUITests.xctest; sourceTree = BUILT_PRODUCTS_DIR; };
/* End PBXFileReference section */

/* Begin PBXFileSystemSynchronizedBuildFileExceptionSet section */
		63B6ACC62E3E038400A16C13 /* Exceptions for "ReadItLater" folder in "ReadItLater" target */ = {
			isa = PBXFileSystemSynchronizedBuildFileExceptionSet;
			membershipExceptions = (
				Info.plist,
			);
			target = 63B6AC9F2E3E038300A16C13 /* ReadItLater */;
		};
/* End PBXFileSystemSynchronizedBuildFileExceptionSet section */

/* Begin PBXFileSystemSynchronizedRootGroup section */
		63B6ACA22E3E038300A16C13 /* ReadItLater */ = {
			isa = PBXFileSystemSynchronizedRootGroup;
			exceptions = (
				63B6ACC62E3E038400A16C13 /* Exceptions for "ReadItLater" folder in "ReadItLater" target */,
			);
			path = ReadItLater;
			sourceTree = "<group>";
		};
		63B6ACB72E3E038400A16C13 /* ReadItLaterTests */ = {
			isa = PBXFileSystemSynchronizedRootGroup;
			path = ReadItLaterTests;
			sourceTree = "<group>";
		};
		63B6ACC12E3E038400A16C13 /* ReadItLaterUITests */ = {
			isa = PBXFileSystemSynchronizedRootGroup;
			path = ReadItLaterUITests;
			sourceTree = "<group>";
		};
/* End PBXFileSystemSynchronizedRootGroup section */

/* Begin PBXFrameworksBuildPhase section */
		63B6AC9D2E3E038300A16C13 /* Frameworks */ = {
			isa = PBXFrameworksBuildPhase;
			buildActionMask = 2147483647;
			files = (
			);
			runOnlyForDeploymentPostprocessing = 0;
		};
		63B6ACB12E3E038400A16C13 /* Frameworks */ = {
			isa = PBXFrameworksBuildPhase;
			buildActionMask = 2147483647;
			files = (
			);
			runOnlyForDeploymentPostprocessing = 0;
		};
		63B6ACBB2E3E038400A16C13 /* Frameworks */ = {
			isa = PBXFrameworksBuildPhase;
			buildActionMask = 2147483647;
			files = (
			);
			runOnlyForDeploymentPostprocessing = 0;
		};
/* End PBXFrameworksBuildPhase section */

/* Begin PBXGroup section */
		63B6AC972E3E038300A16C13 = {
			isa = PBXGroup;
			children = (
				63B6ACA22E3E038300A16C13 /* ReadItLater */,
				63B6ACB72E3E038400A16C13 /* ReadItLaterTests */,
				63B6ACC12E3E038400A16C13 /* ReadItLaterUITests */,
				63B6ACA12E3E038300A16C13 /* Products */,
			);
			sourceTree = "<group>";
		};
		63B6ACA12E3E038300A16C13 /* Products */ = {
			isa = PBXGroup;
			children = (
				63B6ACA02E3E038300A16C13 /* ReadItLater.app */,
				63B6ACB42E3E038400A16C13 /* ReadItLaterTests.xctest */,
				63B6ACBE2E3E038400A16C13 /* ReadItLaterUITests.xctest */,
			);
			name = Products;
			sourceTree = "<group>";
		};
/* End PBXGroup section */

/* Begin PBXNativeTarget section */
		63B6AC9F2E3E038300A16C13 /* ReadItLater */ = {
			isa = PBXNativeTarget;
			buildConfigurationList = 63B6ACC72E3E038400A16C13 /* Build configuration list for PBXNativeTarget "ReadItLater" */;
			buildPhases = (
				63B6AC9C2E3E038300A16C13 /* Sources */,
				63B6AC9D2E3E038300A16C13 /* Frameworks */,
				63B6AC9E2E3E038300A16C13 /* Resources */,
			);
			buildRules = (
			);
			dependencies = (
			);
			fileSystemSynchronizedGroups = (
				63B6ACA22E3E038300A16C13 /* ReadItLater */,
			);
			name = ReadItLater;
			packageProductDependencies = (
			);
			productName = ReadItLater;
			productReference = 63B6ACA02E3E038300A16C13 /* ReadItLater.app */;
			productType = "com.apple.product-type.application";
		};
		63B6ACB32E3E038400A16C13 /* ReadItLaterTests */ = {
			isa = PBXNativeTarget;
			buildConfigurationList = 63B6ACCC2E3E038400A16C13 /* Build configuration list for PBXNativeTarget "ReadItLaterTests" */;
			buildPhases = (
				63B6ACB02E3E038400A16C13 /* Sources */,
				63B6ACB12E3E038400A16C13 /* Frameworks */,
				63B6ACB22E3E038400A16C13 /* Resources */,
			);
			buildRules = (
			);
			dependencies = (
				63B6ACB62E3E038400A16C13 /* PBXTargetDependency */,
			);
			fileSystemSynchronizedGroups = (
				63B6ACB72E3E038400A16C13 /* ReadItLaterTests */,
			);
			name = ReadItLaterTests;
			packageProductDependencies = (
			);
			productName = ReadItLaterTests;
			productReference = 63B6ACB42E3E038400A16C13 /* ReadItLaterTests.xctest */;
			productType = "com.apple.product-type.bundle.unit-test";
		};
		63B6ACBD2E3E038400A16C13 /* ReadItLaterUITests */ = {
			isa = PBXNativeTarget;
			buildConfigurationList = 63B6ACCF2E3E038400A16C13 /* Build configuration list for PBXNativeTarget "ReadItLaterUITests" */;
			buildPhases = (
				63B6ACBA2E3E038400A16C13 /* Sources */,
				63B6ACBB2E3E038400A16C13 /* Frameworks */,
				63B6ACBC2E3E038400A16C13 /* Resources */,
			);
			buildRules = (
			);
			dependencies = (
				63B6ACC02E3E038400A16C13 /* PBXTargetDependency */,
			);
			fileSystemSynchronizedGroups = (
				63B6ACC12E3E038400A16C13 /* ReadItLaterUITests */,
			);
			name = ReadItLaterUITests;
			packageProductDependencies = (
			);
			productName = ReadItLaterUITests;
			productReference = 63B6ACBE2E3E038400A16C13 /* ReadItLaterUITests.xctest */;
			productType = "com.apple.product-type.bundle.ui-testing";
		};
/* End PBXNativeTarget section */

/* Begin PBXProject section */
		63B6AC982E3E038300A16C13 /* Project object */ = {
			isa = PBXProject;
			attributes = {
				BuildIndependentTargetsInParallel = 1;
				LastSwiftUpdateCheck = 1610;
				LastUpgradeCheck = 1610;
				TargetAttributes = {
					63B6AC9F2E3E038300A16C13 = {
						CreatedOnToolsVersion = 16.1;
					};
					63B6ACB32E3E038400A16C13 = {
						CreatedOnToolsVersion = 16.1;
						TestTargetID = 63B6AC9F2E3E038300A16C13;
					};
					63B6ACBD2E3E038400A16C13 = {
						CreatedOnToolsVersion = 16.1;
						TestTargetID = 63B6AC9F2E3E038300A16C13;
					};
				};
			};
			buildConfigurationList = 63B6AC9B2E3E038300A16C13 /* Build configuration list for PBXProject "ReadItLater" */;
			developmentRegion = en;
			hasScannedForEncodings = 0;
			knownRegions = (
				en,
				Base,
			);
			mainGroup = 63B6AC972E3E038300A16C13;
			minimizedProjectReferenceProxies = 1;
			preferredProjectObjectVersion = 77;
			productRefGroup = 63B6ACA12E3E038300A16C13 /* Products */;
			projectDirPath = "";
			projectRoot = "";
			targets = (
				63B6AC9F2E3E038300A16C13 /* ReadItLater */,
				63B6ACB32E3E038400A16C13 /* ReadItLaterTests */,
				63B6ACBD2E3E038400A16C13 /* ReadItLaterUITests */,
			);
		};
/* End PBXProject section */

/* Begin PBXResourcesBuildPhase section */
		63B6AC9E2E3E038300A16C13 /* Resources */ = {
			isa = PBXResourcesBuildPhase;
			buildActionMask = 2147483647;
			files = (
			);
			runOnlyForDeploymentPostprocessing = 0;
		};
		63B6ACB22E3E038400A16C13 /* Resources */ = {
			isa = PBXResourcesBuildPhase;
			buildActionMask = 2147483647;
			files = (
			);
			runOnlyForDeploymentPostprocessing = 0;
		};
		63B6ACBC2E3E038400A16C13 /* Resources */ = {
			isa = PBXResourcesBuildPhase;
			buildActionMask = 2147483647;
			files = (
			);
			runOnlyForDeploymentPostprocessing = 0;
		};
/* End PBXResourcesBuildPhase section */

/* Begin PBXSourcesBuildPhase section */
		63B6AC9C2E3E038300A16C13 /* Sources */ = {
			isa = PBXSourcesBuildPhase;
			buildActionMask = 2147483647;
			files = (
			);
			runOnlyForDeploymentPostprocessing = 0;
		};
		63B6ACB02E3E038400A16C13 /* Sources */ = {
			isa = PBXSourcesBuildPhase;
			buildActionMask = 2147483647;
			files = (
			);
			runOnlyForDeploymentPostprocessing = 0;
		};
		63B6ACBA2E3E038400A16C13 /* Sources */ = {
			isa = PBXSourcesBuildPhase;
			buildActionMask = 2147483647;
			files = (
			);
			runOnlyForDeploymentPostprocessing = 0;
		};
/* End PBXSourcesBuildPhase section */

/* Begin PBXTargetDependency section */
		63B6ACB62E3E038400A16C13 /* PBXTargetDependency */ = {
			isa = PBXTargetDependency;
			target = 63B6AC9F2E3E038300A16C13 /* ReadItLater */;
			targetProxy = 63B6ACB52E3E038400A16C13 /* PBXContainerItemProxy */;
		};
		63B6ACC02E3E038400A16C13 /* PBXTargetDependency */ = {
			isa = PBXTargetDependency;
			target = 63B6AC9F2E3E038300A16C13 /* ReadItLater */;
			targetProxy = 63B6ACBF2E3E038400A16C13 /* PBXContainerItemProxy */;
		};
/* End PBXTargetDependency section */

/* Begin XCBuildConfiguration section */
		63B6ACC82E3E038400A16C13 /* Debug */ = {
			isa = XCBuildConfiguration;
			buildSettings = {
				ASSETCATALOG_COMPILER_APPICON_NAME = AppIcon;
				ASSETCATALOG_COMPILER_GLOBAL_ACCENT_COLOR_NAME = AccentColor;
				CODE_SIGN_ENTITLEMENTS = ReadItLater/ReadItLater.entitlements;
				CODE_SIGN_STYLE = Automatic;
				CURRENT_PROJECT_VERSION = 1;
				DEVELOPMENT_ASSET_PATHS = "\"ReadItLater/Preview Content\"";
				DEVELOPMENT_TEAM = RDL87GQ43U;
				ENABLE_PREVIEWS = YES;
				GENERATE_INFOPLIST_FILE = YES;
				INFOPLIST_FILE = ReadItLater/Info.plist;
				INFOPLIST_KEY_UIApplicationSceneManifest_Generation = YES;
				INFOPLIST_KEY_UIApplicationSupportsIndirectInputEvents = YES;
				INFOPLIST_KEY_UILaunchScreen_Generation = YES;
				INFOPLIST_KEY_UISupportedInterfaceOrientations_iPad = "UIInterfaceOrientationPortrait UIInterfaceOrientationPortraitUpsideDown UIInterfaceOrientationLandscapeLeft UIInterfaceOrientationLandscapeRight";
				INFOPLIST_KEY_UISupportedInterfaceOrientations_iPhone = "UIInterfaceOrientationPortrait UIInterfaceOrientationLandscapeLeft UIInterfaceOrientationLandscapeRight";
				LD_RUNPATH_SEARCH_PATHS = (
					"$(inherited)",
					"@executable_path/Frameworks",
				);
				MARKETING_VERSION = 1.0;
				PRODUCT_BUNDLE_IDENTIFIER = "munakata-hisashi.ReadItLater";
				PRODUCT_NAME = "$(TARGET_NAME)";
				SWIFT_EMIT_LOC_STRINGS = YES;
				SWIFT_STRICT_CONCURRENCY = complete;
				SWIFT_VERSION = 5.0;
				TARGETED_DEVICE_FAMILY = "1,2";
			};
			name = Debug;
		};
		63B6ACC92E3E038400A16C13 /* Release */ = {
			isa = XCBuildConfiguration;
			buildSettings = {
				ASSETCATALOG_COMPILER_APPICON_NAME = AppIcon;
				ASSETCATALOG_COMPILER_GLOBAL_ACCENT_COLOR_NAME = AccentColor;
				CODE_SIGN_ENTITLEMENTS = ReadItLater/ReadItLater.entitlements;
				CODE_SIGN_STYLE = Automatic;
				CURRENT_PROJECT_VERSION = 1;
				DEVELOPMENT_ASSET_PATHS = "\"ReadItLater/Preview Content\"";
				DEVELOPMENT_TEAM = RDL87GQ43U;
				ENABLE_PREVIEWS = YES;
				GENERATE_INFOPLIST_FILE = YES;
				INFOPLIST_FILE = ReadItLater/Info.plist;
				INFOPLIST_KEY_UIApplicationSceneManifest_Generation = YES;
				INFOPLIST_KEY_UIApplicationSupportsIndirectInputEvents = YES;
				INFOPLIST_KEY_UILaunchScreen_Generation = YES;
				INFOPLIST_KEY_UISupportedInterfaceOrientations_iPad = "UIInterfaceOrientationPortrait UIInterfaceOrientationPortraitUpsideDown UIInterfaceOrientationLandscapeLeft UIInterfaceOrientationLandscapeRight";
				INFOPLIST_KEY_UISupportedInterfaceOrientations_iPhone = "UIInterfaceOrientationPortrait UIInterfaceOrientationLandscapeLeft UIInterfaceOrientationLandscapeRight";
				LD_RUNPATH_SEARCH_PATHS = (
					"$(inherited)",
					"@executable_path/Frameworks",
				);
				MARKETING_VERSION = 1.0;
				PRODUCT_BUNDLE_IDENTIFIER = "munakata-hisashi.ReadItLater";
				PRODUCT_NAME = "$(TARGET_NAME)";
				SWIFT_EMIT_LOC_STRINGS = YES;
				SWIFT_STRICT_CONCURRENCY = complete;
				SWIFT_VERSION = 5.0;
				TARGETED_DEVICE_FAMILY = "1,2";
			};
			name = Release;
		};
		63B6ACCA2E3E038400A16C13 /* Debug */ = {
			isa = XCBuildConfiguration;
			buildSettings = {
				ALWAYS_SEARCH_USER_PATHS = NO;
				ASSETCATALOG_COMPILER_GENERATE_SWIFT_ASSET_SYMBOL_EXTENSIONS = YES;
				CLANG_ANALYZER_NONNULL = YES;
				CLANG_ANALYZER_NUMBER_OBJECT_CONVERSION = YES_AGGRESSIVE;
				CLANG_CXX_LANGUAGE_STANDARD = "gnu++20";
				CLANG_ENABLE_MODULES = YES;
				CLANG_ENABLE_OBJC_ARC = YES;
				CLANG_ENABLE_OBJC_WEAK = YES;
				CLANG_WARN_BLOCK_CAPTURE_AUTORELEASING = YES;
				CLANG_WARN_BOOL_CONVERSION = YES;
				CLANG_WARN_COMMA = YES;
				CLANG_WARN_CONSTANT_CONVERSION = YES;
				CLANG_WARN_DEPRECATED_OBJC_IMPLEMENTATIONS = YES;
				CLANG_WARN_DIRECT_OBJC_ISA_USAGE = YES_ERROR;
				CLANG_WARN_DOCUMENTATION_COMMENTS = YES;
				CLANG_WARN_EMPTY_BODY = YES;
				CLANG_WARN_ENUM_CONVERSION = YES;
				CLANG_WARN_INFINITE_RECURSION = YES;
				CLANG_WARN_INT_CONVERSION = YES;
				CLANG_WARN_NON_LITERAL_NULL_CONVERSION = YES;
				CLANG_WARN_OBJC_IMPLICIT_RETAIN_SELF = YES;
				CLANG_WARN_OBJC_LITERAL_CONVERSION = YES;
				CLANG_WARN_OBJC_ROOT_CLASS = YES_ERROR;
				CLANG_WARN_QUOTED_INCLUDE_IN_FRAMEWORK_HEADER = YES;
				CLANG_WARN_RANGE_LOOP_ANALYSIS = YES;
				CLANG_WARN_STRICT_PROTOTYPES = YES;
				CLANG_WARN_SUSPICIOUS_MOVE = YES;
				CLANG_WARN_UNGUARDED_AVAILABILITY = YES_AGGRESSIVE;
				CLANG_WARN_UNREACHABLE_CODE = YES;
				CLANG_WARN__DUPLICATE_METHOD_MATCH = YES;
				COPY_PHASE_STRIP = NO;
				DEBUG_INFORMATION_FORMAT = dwarf;
				ENABLE_STRICT_OBJC_MSGSEND = YES;
				ENABLE_TESTABILITY = YES;
				ENABLE_USER_SCRIPT_SANDBOXING = YES;
				GCC_C_LANGUAGE_STANDARD = gnu17;
				GCC_DYNAMIC_NO_PIC = NO;
				GCC_NO_COMMON_BLOCKS = YES;
				GCC_OPTIMIZATION_LEVEL = 0;
				GCC_PREPROCESSOR_DEFINITIONS = (
					"DEBUG=1",
					"$(inherited)",
				);
				GCC_WARN_64_TO_32_BIT_CONVERSION = YES;
				GCC_WARN_ABOUT_RETURN_TYPE = YES_ERROR;
				GCC_WARN_UNDECLARED_SELECTOR = YES;
				GCC_WARN_UNINITIALIZED_AUTOS = YES_AGGRESSIVE;
				GCC_WARN_UNUSED_FUNCTION = YES;
				GCC_WARN_UNUSED_VARIABLE = YES;
				IPHONEOS_DEPLOYMENT_TARGET = 18.1;
				LOCALIZATION_PREFERS_STRING_CATALOGS = YES;
				MTL_ENABLE_DEBUG_INFO = INCLUDE_SOURCE;
				MTL_FAST_MATH = YES;
				ONLY_ACTIVE_ARCH = YES;
				SDKROOT = iphoneos;
				SWIFT_ACTIVE_COMPILATION_CONDITIONS = "DEBUG $(inherited)";
				SWIFT_OPTIMIZATION_LEVEL = "-Onone";
			};
			name = Debug;
		};
		63B6ACCB2E3E038400A16C13 /* Release */ = {
			isa = XCBuildConfiguration;
			buildSettings = {
				ALWAYS_SEARCH_USER_PATHS = NO;
				ASSETCATALOG_COMPILER_GENERATE_SWIFT_ASSET_SYMBOL_EXTENSIONS = YES;
				CLANG_ANALYZER_NONNULL = YES;
				CLANG_ANALYZER_NUMBER_OBJECT_CONVERSION = YES_AGGRESSIVE;
				CLANG_CXX_LANGUAGE_STANDARD = "gnu++20";
				CLANG_ENABLE_MODULES = YES;
				CLANG_ENABLE_OBJC_ARC = YES;
				CLANG_ENABLE_OBJC_WEAK = YES;
				CLANG_WARN_BLOCK_CAPTURE_AUTORELEASING = YES;
				CLANG_WARN_BOOL_CONVERSION = YES;
				CLANG_WARN_COMMA = YES;
				CLANG_WARN_CONSTANT_CONVERSION = YES;
				CLANG_WARN_DEPRECATED_OBJC_IMPLEMENTATIONS = YES;
				CLANG_WARN_DIRECT_OBJC_ISA_USAGE = YES_ERROR;
				CLANG_WARN_DOCUMENTATION_COMMENTS = YES;
				CLANG_WARN_EMPTY_BODY = YES;
				CLANG_WARN_ENUM_CONVERSION = YES;
				CLANG_WARN_INFINITE_RECURSION = YES;
				CLANG_WARN_INT_CONVERSION = YES;
				CLANG_WARN_NON_LITERAL_NULL_CONVERSION = YES;
				CLANG_WARN_OBJC_IMPLICIT_RETAIN_SELF = YES;
				CLANG_WARN_OBJC_LITERAL_CONVERSION = YES;
				CLANG_WARN_OBJC_ROOT_CLASS = YES_ERROR;
				CLANG_WARN_QUOTED_INCLUDE_IN_FRAMEWORK_HEADER = YES;
				CLANG_WARN_RANGE_LOOP_ANALYSIS = YES;
				CLANG_WARN_STRICT_PROTOTYPES = YES;
				CLANG_WARN_SUSPICIOUS_MOVE = YES;
				CLANG_WARN_UNGUARDED_AVAILABILITY = YES_AGGRESSIVE;
				CLANG_WARN_UNREACHABLE_CODE = YES;
				CLANG_WARN__DUPLICATE_METHOD_MATCH = YES;
				COPY_PHASE_STRIP = NO;
				DEBUG_INFORMATION_FORMAT = "dwarf-with-dsym";
				ENABLE_NS_ASSERTIONS = NO;
				ENABLE_STRICT_OBJC_MSGSEND = YES;
				ENABLE_USER_SCRIPT_SANDBOXING = YES;
				GCC_C_LANGUAGE_STANDARD = gnu17;
				GCC_NO_COMMON_BLOCKS = YES;
				GCC_WARN_64_TO_32_BIT_CONVERSION = YES;
				GCC_WARN_ABOUT_RETURN_TYPE = YES_ERROR;
				GCC_WARN_UNDECLARED_SELECTOR = YES;
				GCC_WARN_UNINITIALIZED_AUTOS = YES_AGGRESSIVE;
				GCC_WARN_UNUSED_FUNCTION = YES;
				GCC_WARN_UNUSED_VARIABLE = YES;
				IPHONEOS_DEPLOYMENT_TARGET = 18.1;
				LOCALIZATION_PREFERS_STRING_CATALOGS = YES;
				MTL_ENABLE_DEBUG_INFO = NO;
				MTL_FAST_MATH = YES;
				SDKROOT = iphoneos;
				SWIFT_COMPILATION_MODE = wholemodule;
				VALIDATE_PRODUCT = YES;
			};
			name = Release;
		};
		63B6ACCD2E3E038400A16C13 /* Debug */ = {
			isa = XCBuildConfiguration;
			buildSettings = {
				BUNDLE_LOADER = "$(TEST_HOST)";
				CODE_SIGN_STYLE = Automatic;
				CURRENT_PROJECT_VERSION = 1;
				DEVELOPMENT_TEAM = RDL87GQ43U;
				GENERATE_INFOPLIST_FILE = YES;
				IPHONEOS_DEPLOYMENT_TARGET = 18.1;
				MARKETING_VERSION = 1.0;
				PRODUCT_BUNDLE_IDENTIFIER = "munakata-hisashi.ReadItLaterTests";
				PRODUCT_NAME = "$(TARGET_NAME)";
				SWIFT_EMIT_LOC_STRINGS = NO;
				SWIFT_VERSION = 5.0;
				TARGETED_DEVICE_FAMILY = "1,2";
				TEST_HOST = "$(BUILT_PRODUCTS_DIR)/ReadItLater.app/$(BUNDLE_EXECUTABLE_FOLDER_PATH)/ReadItLater";
			};
			name = Debug;
		};
		63B6ACCE2E3E038400A16C13 /* Release */ = {
			isa = XCBuildConfiguration;
			buildSettings = {
				BUNDLE_LOADER = "$(TEST_HOST)";
				CODE_SIGN_STYLE = Automatic;
				CURRENT_PROJECT_VERSION = 1;
				DEVELOPMENT_TEAM = RDL87GQ43U;
				GENERATE_INFOPLIST_FILE = YES;
				IPHONEOS_DEPLOYMENT_TARGET = 18.1;
				MARKETING_VERSION = 1.0;
				PRODUCT_BUNDLE_IDENTIFIER = "munakata-hisashi.ReadItLaterTests";
				PRODUCT_NAME = "$(TARGET_NAME)";
				SWIFT_EMIT_LOC_STRINGS = NO;
				SWIFT_VERSION = 5.0;
				TARGETED_DEVICE_FAMILY = "1,2";
				TEST_HOST = "$(BUILT_PRODUCTS_DIR)/ReadItLater.app/$(BUNDLE_EXECUTABLE_FOLDER_PATH)/ReadItLater";
			};
			name = Release;
		};
		63B6ACD02E3E038400A16C13 /* Debug */ = {
			isa = XCBuildConfiguration;
			buildSettings = {
				CODE_SIGN_STYLE = Automatic;
				CURRENT_PROJECT_VERSION = 1;
				DEVELOPMENT_TEAM = RDL87GQ43U;
				GENERATE_INFOPLIST_FILE = YES;
				MARKETING_VERSION = 1.0;
				PRODUCT_BUNDLE_IDENTIFIER = "munakata-hisashi.ReadItLaterUITests";
				PRODUCT_NAME = "$(TARGET_NAME)";
				SWIFT_EMIT_LOC_STRINGS = NO;
				SWIFT_VERSION = 5.0;
				TARGETED_DEVICE_FAMILY = "1,2";
				TEST_TARGET_NAME = ReadItLater;
			};
			name = Debug;
		};
		63B6ACD12E3E038400A16C13 /* Release */ = {
			isa = XCBuildConfiguration;
			buildSettings = {
				CODE_SIGN_STYLE = Automatic;
				CURRENT_PROJECT_VERSION = 1;
				DEVELOPMENT_TEAM = RDL87GQ43U;
				GENERATE_INFOPLIST_FILE = YES;
				MARKETING_VERSION = 1.0;
				PRODUCT_BUNDLE_IDENTIFIER = "munakata-hisashi.ReadItLaterUITests";
				PRODUCT_NAME = "$(TARGET_NAME)";
				SWIFT_EMIT_LOC_STRINGS = NO;
				SWIFT_VERSION = 5.0;
				TARGETED_DEVICE_FAMILY = "1,2";
				TEST_TARGET_NAME = ReadItLater;
			};
			name = Release;
		};
/* End XCBuildConfiguration section */

/* Begin XCConfigurationList section */
		63B6AC9B2E3E038300A16C13 /* Build configuration list for PBXProject "ReadItLater" */ = {
			isa = XCConfigurationList;
			buildConfigurations = (
				63B6ACCA2E3E038400A16C13 /* Debug */,
				63B6ACCB2E3E038400A16C13 /* Release */,
			);
			defaultConfigurationIsVisible = 0;
			defaultConfigurationName = Release;
		};
		63B6ACC72E3E038400A16C13 /* Build configuration list for PBXNativeTarget "ReadItLater" */ = {
			isa = XCConfigurationList;
			buildConfigurations = (
				63B6ACC82E3E038400A16C13 /* Debug */,
				63B6ACC92E3E038400A16C13 /* Release */,
			);
			defaultConfigurationIsVisible = 0;
			defaultConfigurationName = Release;
		};
		63B6ACCC2E3E038400A16C13 /* Build configuration list for PBXNativeTarget "ReadItLaterTests" */ = {
			isa = XCConfigurationList;
			buildConfigurations = (
				63B6ACCD2E3E038400A16C13 /* Debug */,
				63B6ACCE2E3E038400A16C13 /* Release */,
			);
			defaultConfigurationIsVisible = 0;
			defaultConfigurationName = Release;
		};
		63B6ACCF2E3E038400A16C13 /* Build configuration list for PBXNativeTarget "ReadItLaterUITests" */ = {
			isa = XCConfigurationList;
			buildConfigurations = (
				63B6ACD02E3E038400A16C13 /* Debug */,
				63B6ACD12E3E038400A16C13 /* Release */,
			);
			defaultConfigurationIsVisible = 0;
			defaultConfigurationName = Release;
		};
/* End XCConfigurationList section */
	};
	rootObject = 63B6AC982E3E038300A16C13 /* Project object */;
}
